{
	"name": "@esd/pi-benchmark",
	"version": "0.1.0",
	"lockfileVersion": 3,
	"requires": true,
	"packages": {
		"": {
			"name": "@esd/pi-benchmark",
			"version": "0.1.0",
			"devDependencies": {
				"@mariozechner/pi-coding-agent": "file:../vendor/pi-mono/packages/coding-agent",
				"@mariozechner/pi-tui": "file:../vendor/pi-mono/packages/tui",
				"typescript": "^5.9.3"
			},
			"peerDependencies": {
				"@mariozechner/pi-coding-agent": ">=0.57.0",
				"@mariozechner/pi-tui": ">=0.57.0"
			}
		},
		"../vendor/pi-mono/packages/coding-agent": {
			"name": "@mariozechner/pi-coding-agent",
			"version": "0.57.1",
			"dev": true,
			"license": "MIT",
			"dependencies": {
				"@mariozechner/jiti": "^2.6.2",
				"@mariozechner/pi-agent-core": "^0.57.1",
				"@mariozechner/pi-ai": "^0.57.1",
				"@mariozechner/pi-tui": "^0.57.1",
				"@silvia-odwyer/photon-node": "^0.3.4",
				"chalk": "^5.5.0",
				"cli-highlight": "^2.1.11",
				"diff": "^8.0.2",
				"extract-zip": "^2.0.1",
				"file-type": "^21.1.1",
				"glob": "^13.0.1",
				"hosted-git-info": "^9.0.2",
				"ignore": "^7.0.5",
				"marked": "^15.0.12",
				"minimatch": "^10.2.3",
				"proper-lockfile": "^4.1.2",
				"strip-ansi": "^7.1.0",
				"undici": "^7.19.1",
				"yaml": "^2.8.2"
			},
			"bin": {
				"pi": "dist/cli.js"
			},
			"devDependencies": {
				"@types/diff": "^7.0.2",
				"@types/hosted-git-info": "^3.0.5",
				"@types/ms": "^2.1.0",
				"@types/node": "^24.3.0",
				"@types/proper-lockfile": "^4.1.4",
				"shx": "^0.4.0",
				"typescript": "^5.7.3",
				"vitest": "^3.2.4"
			},
			"engines": {
				"node": ">=20.6.0"
			},
			"optionalDependencies": {
				"@mariozechner/clipboard": "^0.3.2"
			}
		},
		"../vendor/pi-mono/packages/tui": {
			"name": "@mariozechner/pi-tui",
			"version": "0.57.1",
			"dev": true,
			"license": "MIT",
			"dependencies": {
				"@types/mime-types": "^2.1.4",
				"chalk": "^5.5.0",
				"get-east-asian-width": "^1.3.0",
				"marked": "^15.0.12",
				"mime-types": "^3.0.1"
			},
			"devDependencies": {
				"@xterm/headless": "^5.5.0",
				"@xterm/xterm": "^5.5.0"
			},
			"engines": {
				"node": ">=20.0.0"
			},
			"optionalDependencies": {
				"koffi": "^2.9.0"
			}
		},
		"node_modules/@mariozechner/pi-coding-agent": {
			"resolved": "../vendor/pi-mono/packages/coding-agent",
			"link": true
		},
		"node_modules/@mariozechner/pi-tui": {
			"resolved": "../vendor/pi-mono/packages/tui",
			"link": true
		},
		"node_modules/typescript": {
			"version": "5.9.3",
			"resolved": "https://registry.npmjs.org/typescript/-/typescript-5.9.3.tgz",
			"integrity": "sha512-jl1vZzPDinLr9eUt3J/t7V6FgNEw9QjvBPdysz9KfQDD41fQrC2Y4vKQdiaUpFT4bXlb1RHhLpp8wtm6M5TgSw==",
			"dev": true,
			"license": "Apache-2.0",
			"bin": {
				"tsc": "bin/tsc",
				"tsserver": "bin/tsserver"
			},
			"engines": {
				"node": ">=14.17"
			}
		}
	}
}
